
Microsoft Visual Studio Solution File, Format Version 12.00
# Visual Studio Version 17
VisualStudioVersion = 17.4.33122.133
MinimumVisualStudioVersion = 10.0.40219.1
Project("{FAE04EC0-301F-11D3-BF4B-00C04F79EFBC}") = "ToDoAPI", "ToDoAPI.csproj", "{58D9F157-A8EA-4EB1-BC84-B880E377CAFB}"
EndProject
Global
	GlobalSection(SolutionConfigurationPlatforms) = preSolution
		Debug|Any CPU = Debug|Any CPU
		Release|Any CPU = Release|Any CPU
	EndGlobalSection
	GlobalSection(ProjectConfigurationPlatforms) = postSolution
		{58D9F157-A8EA-4EB1-BC84-B880E377CAFB}.Debug|Any CPU.ActiveCfg = Debug|Any CPU
		{58D9F157-A8EA-4EB1-BC84-B880E377CAFB}.Debug|Any CPU.Build.0 = Debug|Any CPU
		{58D9F157-A8EA-4EB1-BC84-B880E377CAFB}.Release|Any CPU.ActiveCfg = Release|Any CPU
		{58D9F157-A8EA-4EB1-BC84-B880E377CAFB}.Release|Any CPU.Build.0 = Release|Any CPU
	EndGlobalSection
	GlobalSection(SolutionProperties) = preSolution
		HideSolutionNode = FALSE
	EndGlobalSection
	GlobalSection(ExtensibilityGlobals) = postSolution
		SolutionGuid = {45E7E649-37F9-4B26-B5AA-CC3811FED62B}
	EndGlobalSection
EndGlobal
